<?xml version="1.0" encoding="UTF-8"?>
<!DOCTYPE plist PUBLIC "-//Apple//DTD PLIST 1.0//EN" "http://www.apple.com/DTDs/PropertyList-1.0.dtd">
<plist version="1.0">
<dict>
	<key>archiveVersion</key>
	<string>1</string>
	<key>classes</key>
	<dict/>
	<key>objectVersion</key>
	<string>46</string>
	<key>objects</key>
	<dict>
		<key>57ED0F1C1AEDE1B800B0B4BC</key>
		<dict>
			<key>children</key>
			<array>
				<string>57ED0F271AEDE1B800B0B4BC</string>
				<string>57ED0F411AEDE1B800B0B4BC</string>
				<string>57ED0F261AEDE1B800B0B4BC</string>
			</array>
			<key>isa</key>
			<string>PBXGroup</string>
			<key>sourceTree</key>
			<string>&lt;group&gt;</string>
		</dict>
		<key>57ED0F1D1AEDE1B800B0B4BC</key>
		<dict>
			<key>attributes</key>
			<dict>
				<key>LastUpgradeCheck</key>
				<string>0630</string>
				<key>ORGANIZATIONNAME</key>
				<string>NationSky</string>
				<key>TargetAttributes</key>
				<dict>
					<key>57ED0F241AEDE1B800B0B4BC</key>
					<dict>
						<key>CreatedOnToolsVersion</key>
						<string>6.3</string>
					</dict>
					<key>57ED0F3D1AEDE1B800B0B4BC</key>
					<dict>
						<key>CreatedOnToolsVersion</key>
						<string>6.3</string>
						<key>TestTargetID</key>
						<string>57ED0F241AEDE1B800B0B4BC</string>
					</dict>
				</dict>
			</dict>
			<key>buildConfigurationList</key>
			<string>57ED0F201AEDE1B800B0B4BC</string>
			<key>compatibilityVersion</key>
			<string>Xcode 3.2</string>
			<key>developmentRegion</key>
			<string>English</string>
			<key>hasScannedForEncodings</key>
			<string>0</string>
			<key>isa</key>
			<string>PBXProject</string>
			<key>knownRegions</key>
			<array>
				<string>en</string>
				<string>Base</string>
			</array>
			<key>mainGroup</key>
			<string>57ED0F1C1AEDE1B800B0B4BC</string>
			<key>productRefGroup</key>
			<string>57ED0F261AEDE1B800B0B4BC</string>
			<key>projectDirPath</key>
			<string></string>
			<key>projectReferences</key>
			<array/>
			<key>projectRoot</key>
			<string></string>
			<key>targets</key>
			<array>
				<string>57ED0F241AEDE1B800B0B4BC</string>
				<string>57ED0F3D1AEDE1B800B0B4BC</string>
			</array>
		</dict>
		<key>57ED0F201AEDE1B800B0B4BC</key>
		<dict>
			<key>buildConfigurations</key>
			<array>
				<string>57ED0F461AEDE1B800B0B4BC</string>
				<string>57ED0F471AEDE1B800B0B4BC</string>
			</array>
			<key>defaultConfigurationIsVisible</key>
			<string>0</string>
			<key>defaultConfigurationName</key>
			<string>Release</string>
			<key>isa</key>
			<string>XCConfigurationList</string>
		</dict>
		<key>57ED0F211AEDE1B800B0B4BC</key>
		<dict>
			<key>buildActionMask</key>
			<string>2147483647</string>
			<key>files</key>
			<array>
				<string>57ED0F781AEE0AE200B0B4BC</string>
				<string>57ED0F7B1AEE0AE200B0B4BC</string>
				<string>57ED0F7D1AEE0AE200B0B4BC</string>
				<string>57ED0F561AEDE4F000B0B4BC</string>
				<string>57ED0F7C1AEE0AE200B0B4BC</string>
				<string>57ED0F7A1AEE0AE200B0B4BC</string>
				<string>57ED0F311AEDE1B800B0B4BC</string>
				<string>57ED0F531AEDE23E00B0B4BC</string>
				<string>57ED0F7F1AEE0AE200B0B4BC</string>
				<string>57ED0F771AEE0AE200B0B4BC</string>
				<string>57ED0F7E1AEE0AE200B0B4BC</string>
				<string>57ED0F791AEE0AE200B0B4BC</string>
				<string>57ED0F2E1AEDE1B800B0B4BC</string>
				<string>57ED0F2B1AEDE1B800B0B4BC</string>
				<string>57ED0F501AEDE1E000B0B4BC</string>
			</array>
			<key>isa</key>
			<string>PBXSourcesBuildPhase</string>
			<key>runOnlyForDeploymentPostprocessing</key>
			<string>0</string>
		</dict>
		<key>57ED0F221AEDE1B800B0B4BC</key>
		<dict>
			<key>buildActionMask</key>
			<string>2147483647</string>
			<key>files</key>
			<array/>
			<key>isa</key>
			<string>PBXFrameworksBuildPhase</string>
			<key>runOnlyForDeploymentPostprocessing</key>
			<string>0</string>
		</dict>
		<key>57ED0F231AEDE1B800B0B4BC</key>
		<dict>
			<key>buildActionMask</key>
			<string>2147483647</string>
			<key>files</key>
			<array>
				<string>57ED0F761AEE0AE200B0B4BC</string>
				<string>57ED0F341AEDE1B800B0B4BC</string>
				<string>57ED0F391AEDE1B800B0B4BC</string>
				<string>57ED0F361AEDE1B800B0B4BC</string>
			</array>
			<key>isa</key>
			<string>PBXResourcesBuildPhase</string>
			<key>runOnlyForDeploymentPostprocessing</key>
			<string>0</string>
		</dict>
		<key>57ED0F241AEDE1B800B0B4BC</key>
		<dict>
			<key>buildConfigurationList</key>
			<string>57ED0F481AEDE1B800B0B4BC</string>
			<key>buildPhases</key>
			<array>
				<string>57ED0F211AEDE1B800B0B4BC</string>
				<string>57ED0F221AEDE1B800B0B4BC</string>
				<string>57ED0F231AEDE1B800B0B4BC</string>
			</array>
			<key>buildRules</key>
			<array/>
			<key>dependencies</key>
			<array/>
			<key>isa</key>
			<string>PBXNativeTarget</string>
			<key>name</key>
			<string>MethodSwizzling</string>
			<key>productName</key>
			<string>MethodSwizzling</string>
			<key>productReference</key>
			<string>57ED0F251AEDE1B800B0B4BC</string>
			<key>productType</key>
			<string>com.apple.product-type.application</string>
		</dict>
		<key>57ED0F251AEDE1B800B0B4BC</key>
		<dict>
			<key>explicitFileType</key>
			<string>wrapper.application</string>
			<key>includeInIndex</key>
			<string>0</string>
			<key>isa</key>
			<string>PBXFileReference</string>
			<key>path</key>
			<string>MethodSwizzling.app</string>
			<key>sourceTree</key>
			<string>BUILT_PRODUCTS_DIR</string>
		</dict>
		<key>57ED0F261AEDE1B800B0B4BC</key>
		<dict>
			<key>children</key>
			<array>
				<string>57ED0F251AEDE1B800B0B4BC</string>
				<string>57ED0F3E1AEDE1B800B0B4BC</string>
			</array>
			<key>isa</key>
			<string>PBXGroup</string>
			<key>name</key>
			<string>Products</string>
			<key>sourceTree</key>
			<string>&lt;group&gt;</string>
		</dict>
		<key>57ED0F271AEDE1B800B0B4BC</key>
		<dict>
			<key>children</key>
			<array>
				<string>57ED0F5D1AEE0AE200B0B4BC</string>
				<string>57ED0F4E1AEDE1E000B0B4BC</string>
				<string>57ED0F4F1AEDE1E000B0B4BC</string>
				<string>57ED0F2C1AEDE1B800B0B4BC</string>
				<string>57ED0F2D1AEDE1B800B0B4BC</string>
				<string>57ED0F511AEDE23E00B0B4BC</string>
				<string>57ED0F521AEDE23E00B0B4BC</string>
				<string>57ED0F2F1AEDE1B800B0B4BC</string>
				<string>57ED0F301AEDE1B800B0B4BC</string>
				<string>57ED0F541AEDE4F000B0B4BC</string>
				<string>57ED0F551AEDE4F000B0B4BC</string>
				<string>57ED0F321AEDE1B800B0B4BC</string>
				<string>57ED0F351AEDE1B800B0B4BC</string>
				<string>57ED0F371AEDE1B800B0B4BC</string>
				<string>57ED0F281AEDE1B800B0B4BC</string>
			</array>
			<key>isa</key>
			<string>PBXGroup</string>
			<key>path</key>
			<string>MethodSwizzling</string>
			<key>sourceTree</key>
			<string>&lt;group&gt;</string>
		</dict>
		<key>57ED0F281AEDE1B800B0B4BC</key>
		<dict>
			<key>children</key>
			<array>
				<string>57ED0F291AEDE1B800B0B4BC</string>
				<string>57ED0F2A1AEDE1B800B0B4BC</string>
			</array>
			<key>isa</key>
			<string>PBXGroup</string>
			<key>name</key>
			<string>Supporting Files</string>
			<key>path</key>
			<string>Supporting Files</string>
			<key>sourceTree</key>
			<string>&lt;group&gt;</string>
		</dict>
		<key>57ED0F291AEDE1B800B0B4BC</key>
		<dict>
			<key>isa</key>
			<string>PBXFileReference</string>
			<key>lastKnownFileType</key>
			<string>text.plist.xml</string>
			<key>path</key>
			<string>Info.plist</string>
			<key>sourceTree</key>
			<string>&lt;group&gt;</string>
		</dict>
		<key>57ED0F2A1AEDE1B800B0B4BC</key>
		<dict>
			<key>isa</key>
			<string>PBXFileReference</string>
			<key>lastKnownFileType</key>
			<string>sourcecode.c.objc</string>
			<key>path</key>
			<string>main.m</string>
			<key>sourceTree</key>
			<string>&lt;group&gt;</string>
		</dict>
		<key>57ED0F2B1AEDE1B800B0B4BC</key>
		<dict>
			<key>fileRef</key>
			<string>57ED0F2A1AEDE1B800B0B4BC</string>
			<key>isa</key>
			<string>PBXBuildFile</string>
		</dict>
		<key>57ED0F2C1AEDE1B800B0B4BC</key>
		<dict>
			<key>isa</key>
			<string>PBXFileReference</string>
			<key>lastKnownFileType</key>
			<string>sourcecode.c.h</string>
			<key>path</key>
			<string>AppDelegate.h</string>
			<key>sourceTree</key>
			<string>&lt;group&gt;</string>
		</dict>
		<key>57ED0F2D1AEDE1B800B0B4BC</key>
		<dict>
			<key>isa</key>
			<string>PBXFileReference</string>
			<key>lastKnownFileType</key>
			<string>sourcecode.c.objc</string>
			<key>path</key>
			<string>AppDelegate.m</string>
			<key>sourceTree</key>
			<string>&lt;group&gt;</string>
		</dict>
		<key>57ED0F2E1AEDE1B800B0B4BC</key>
		<dict>
			<key>fileRef</key>
			<string>57ED0F2D1AEDE1B800B0B4BC</string>
			<key>isa</key>
			<string>PBXBuildFile</string>
		</dict>
		<key>57ED0F2F1AEDE1B800B0B4BC</key>
		<dict>
			<key>isa</key>
			<string>PBXFileReference</string>
			<key>lastKnownFileType</key>
			<string>sourcecode.c.h</string>
			<key>path</key>
			<string>ViewController.h</string>
			<key>sourceTree</key>
			<string>&lt;group&gt;</string>
		</dict>
		<key>57ED0F301AEDE1B800B0B4BC</key>
		<dict>
			<key>isa</key>
			<string>PBXFileReference</string>
			<key>lastKnownFileType</key>
			<string>sourcecode.c.objc</string>
			<key>path</key>
			<string>ViewController.m</string>
			<key>sourceTree</key>
			<string>&lt;group&gt;</string>
		</dict>
		<key>57ED0F311AEDE1B800B0B4BC</key>
		<dict>
			<key>fileRef</key>
			<string>57ED0F301AEDE1B800B0B4BC</string>
			<key>isa</key>
			<string>PBXBuildFile</string>
		</dict>
		<key>57ED0F321AEDE1B800B0B4BC</key>
		<dict>
			<key>children</key>
			<array>
				<string>57ED0F331AEDE1B800B0B4BC</string>
			</array>
			<key>isa</key>
			<string>PBXVariantGroup</string>
			<key>name</key>
			<string>Main.storyboard</string>
			<key>path</key>
			<string>.</string>
			<key>sourceTree</key>
			<string>&lt;group&gt;</string>
		</dict>
		<key>57ED0F331AEDE1B800B0B4BC</key>
		<dict>
			<key>isa</key>
			<string>PBXFileReference</string>
			<key>lastKnownFileType</key>
			<string>file.storyboard</string>
			<key>name</key>
			<string>Base</string>
			<key>path</key>
			<string>Base.lproj/Main.storyboard</string>
			<key>sourceTree</key>
			<string>&lt;group&gt;</string>
		</dict>
		<key>57ED0F341AEDE1B800B0B4BC</key>
		<dict>
			<key>fileRef</key>
			<string>57ED0F321AEDE1B800B0B4BC</string>
			<key>isa</key>
			<string>PBXBuildFile</string>
		</dict>
		<key>57ED0F351AEDE1B800B0B4BC</key>
		<dict>
			<key>isa</key>
			<string>PBXFileReference</string>
			<key>lastKnownFileType</key>
			<string>folder.assetcatalog</string>
			<key>path</key>
			<string>Images.xcassets</string>
			<key>sourceTree</key>
			<string>&lt;group&gt;</string>
		</dict>
		<key>57ED0F361AEDE1B800B0B4BC</key>
		<dict>
			<key>fileRef</key>
			<string>57ED0F351AEDE1B800B0B4BC</string>
			<key>isa</key>
			<string>PBXBuildFile</string>
		</dict>
		<key>57ED0F371AEDE1B800B0B4BC</key>
		<dict>
			<key>children</key>
			<array>
				<string>57ED0F381AEDE1B800B0B4BC</string>
			</array>
			<key>isa</key>
			<string>PBXVariantGroup</string>
			<key>name</key>
			<string>LaunchScreen.xib</string>
			<key>path</key>
			<string>.</string>
			<key>sourceTree</key>
			<string>&lt;group&gt;</string>
		</dict>
		<key>57ED0F381AEDE1B800B0B4BC</key>
		<dict>
			<key>isa</key>
			<string>PBXFileReference</string>
			<key>lastKnownFileType</key>
			<string>file.xib</string>
			<key>name</key>
			<string>Base</string>
			<key>path</key>
			<string>Base.lproj/LaunchScreen.xib</string>
			<key>sourceTree</key>
			<string>&lt;group&gt;</string>
		</dict>
		<key>57ED0F391AEDE1B800B0B4BC</key>
		<dict>
			<key>fileRef</key>
			<string>57ED0F371AEDE1B800B0B4BC</string>
			<key>isa</key>
			<string>PBXBuildFile</string>
		</dict>
		<key>57ED0F3A1AEDE1B800B0B4BC</key>
		<dict>
			<key>buildActionMask</key>
			<string>2147483647</string>
			<key>files</key>
			<array>
				<string>57ED0F451AEDE1B800B0B4BC</string>
			</array>
			<key>isa</key>
			<string>PBXSourcesBuildPhase</string>
			<key>runOnlyForDeploymentPostprocessing</key>
			<string>0</string>
		</dict>
		<key>57ED0F3B1AEDE1B800B0B4BC</key>
		<dict>
			<key>buildActionMask</key>
			<string>2147483647</string>
			<key>files</key>
			<array/>
			<key>isa</key>
			<string>PBXFrameworksBuildPhase</string>
			<key>runOnlyForDeploymentPostprocessing</key>
			<string>0</string>
		</dict>
		<key>57ED0F3C1AEDE1B800B0B4BC</key>
		<dict>
			<key>buildActionMask</key>
			<string>2147483647</string>
			<key>files</key>
			<array/>
			<key>isa</key>
			<string>PBXResourcesBuildPhase</string>
			<key>runOnlyForDeploymentPostprocessing</key>
			<string>0</string>
		</dict>
		<key>57ED0F3D1AEDE1B800B0B4BC</key>
		<dict>
			<key>buildConfigurationList</key>
			<string>57ED0F4B1AEDE1B800B0B4BC</string>
			<key>buildPhases</key>
			<array>
				<string>57ED0F3A1AEDE1B800B0B4BC</string>
				<string>57ED0F3B1AEDE1B800B0B4BC</string>
				<string>57ED0F3C1AEDE1B800B0B4BC</string>
			</array>
			<key>buildRules</key>
			<array/>
			<key>dependencies</key>
			<array>
				<string>57ED0F401AEDE1B800B0B4BC</string>
			</array>
			<key>isa</key>
			<string>PBXNativeTarget</string>
			<key>name</key>
			<string>MethodSwizzlingTests</string>
			<key>productName</key>
			<string>MethodSwizzlingTests</string>
			<key>productReference</key>
			<string>57ED0F3E1AEDE1B800B0B4BC</string>
			<key>productType</key>
			<string>com.apple.product-type.bundle.unit-test</string>
		</dict>
		<key>57ED0F3E1AEDE1B800B0B4BC</key>
		<dict>
			<key>explicitFileType</key>
			<string>wrapper.cfbundle</string>
			<key>includeInIndex</key>
			<string>0</string>
			<key>isa</key>
			<string>PBXFileReference</string>
			<key>path</key>
			<string>MethodSwizzlingTests.xctest</string>
			<key>sourceTree</key>
			<string>BUILT_PRODUCTS_DIR</string>
		</dict>
		<key>57ED0F3F1AEDE1B800B0B4BC</key>
		<dict>
			<key>containerPortal</key>
			<string>57ED0F1D1AEDE1B800B0B4BC</string>
			<key>isa</key>
			<string>PBXContainerItemProxy</string>
			<key>proxyType</key>
			<string>1</string>
			<key>remoteGlobalIDString</key>
			<string>57ED0F241AEDE1B800B0B4BC</string>
			<key>remoteInfo</key>
			<string>MethodSwizzling</string>
		</dict>
		<key>57ED0F401AEDE1B800B0B4BC</key>
		<dict>
			<key>isa</key>
			<string>PBXTargetDependency</string>
			<key>target</key>
			<string>57ED0F241AEDE1B800B0B4BC</string>
			<key>targetProxy</key>
			<string>57ED0F3F1AEDE1B800B0B4BC</string>
		</dict>
		<key>57ED0F411AEDE1B800B0B4BC</key>
		<dict>
			<key>children</key>
			<array>
				<string>57ED0F441AEDE1B800B0B4BC</string>
				<string>57ED0F421AEDE1B800B0B4BC</string>
			</array>
			<key>isa</key>
			<string>PBXGroup</string>
			<key>path</key>
			<string>MethodSwizzlingTests</string>
			<key>sourceTree</key>
			<string>&lt;group&gt;</string>
		</dict>
		<key>57ED0F421AEDE1B800B0B4BC</key>
		<dict>
			<key>children</key>
			<array>
				<string>57ED0F431AEDE1B800B0B4BC</string>
			</array>
			<key>isa</key>
			<string>PBXGroup</string>
			<key>name</key>
			<string>Supporting Files</string>
			<key>path</key>
			<string>Supporting Files</string>
			<key>sourceTree</key>
			<string>&lt;group&gt;</string>
		</dict>
		<key>57ED0F431AEDE1B800B0B4BC</key>
		<dict>
			<key>isa</key>
			<string>PBXFileReference</string>
			<key>lastKnownFileType</key>
			<string>text.plist.xml</string>
			<key>path</key>
			<string>Info.plist</string>
			<key>sourceTree</key>
			<string>&lt;group&gt;</string>
		</dict>
		<key>57ED0F441AEDE1B800B0B4BC</key>
		<dict>
			<key>isa</key>
			<string>PBXFileReference</string>
			<key>lastKnownFileType</key>
			<string>sourcecode.c.objc</string>
			<key>path</key>
			<string>MethodSwizzlingTests.m</string>
			<key>sourceTree</key>
			<string>&lt;group&gt;</string>
		</dict>
		<key>57ED0F451AEDE1B800B0B4BC</key>
		<dict>
			<key>fileRef</key>
			<string>57ED0F441AEDE1B800B0B4BC</string>
			<key>isa</key>
			<string>PBXBuildFile</string>
		</dict>
		<key>57ED0F461AEDE1B800B0B4BC</key>
		<dict>
			<key>buildSettings</key>
			<dict>
				<key>ALWAYS_SEARCH_USER_PATHS</key>
				<string>NO</string>
				<key>CLANG_CXX_LANGUAGE_STANDARD</key>
				<string>gnu++0x</string>
				<key>CLANG_CXX_LIBRARY</key>
				<string>libc++</string>
				<key>CLANG_ENABLE_MODULES</key>
				<string>YES</string>
				<key>CLANG_ENABLE_OBJC_ARC</key>
				<string>YES</string>
				<key>CLANG_WARN_BOOL_CONVERSION</key>
				<string>YES</string>
				<key>CLANG_WARN_CONSTANT_CONVERSION</key>
				<string>YES</string>
				<key>CLANG_WARN_DIRECT_OBJC_ISA_USAGE</key>
				<string>YES_ERROR</string>
				<key>CLANG_WARN_EMPTY_BODY</key>
				<string>YES</string>
				<key>CLANG_WARN_ENUM_CONVERSION</key>
				<string>YES</string>
				<key>CLANG_WARN_INT_CONVERSION</key>
				<string>YES</string>
				<key>CLANG_WARN_OBJC_ROOT_CLASS</key>
				<string>YES_ERROR</string>
				<key>CLANG_WARN_UNREACHABLE_CODE</key>
				<string>YES</string>
				<key>CLANG_WARN__DUPLICATE_METHOD_MATCH</key>
				<string>YES</string>
				<key>CODE_SIGN_IDENTITY[sdk=iphoneos*]</key>
				<string>iPhone Developer</string>
				<key>COPY_PHASE_STRIP</key>
				<string>NO</string>
				<key>DEBUG_INFORMATION_FORMAT</key>
				<string>dwarf-with-dsym</string>
				<key>ENABLE_STRICT_OBJC_MSGSEND</key>
				<string>YES</string>
				<key>GCC_C_LANGUAGE_STANDARD</key>
				<string>gnu99</string>
				<key>GCC_DYNAMIC_NO_PIC</key>
				<string>NO</string>
				<key>GCC_NO_COMMON_BLOCKS</key>
				<string>YES</string>
				<key>GCC_OPTIMIZATION_LEVEL</key>
				<string>0</string>
				<key>GCC_PREPROCESSOR_DEFINITIONS</key>
				<array>
					<string>DEBUG=1</string>
					<string>$(inherited)</string>
				</array>
				<key>GCC_SYMBOLS_PRIVATE_EXTERN</key>
				<string>NO</string>
				<key>GCC_WARN_64_TO_32_BIT_CONVERSION</key>
				<string>YES</string>
				<key>GCC_WARN_ABOUT_RETURN_TYPE</key>
				<string>YES_ERROR</string>
				<key>GCC_WARN_UNDECLARED_SELECTOR</key>
				<string>YES</string>
				<key>GCC_WARN_UNINITIALIZED_AUTOS</key>
				<string>YES_AGGRESSIVE</string>
				<key>GCC_WARN_UNUSED_FUNCTION</key>
				<string>YES</string>
				<key>GCC_WARN_UNUSED_VARIABLE</key>
				<string>YES</string>
				<key>IPHONEOS_DEPLOYMENT_TARGET</key>
				<string>8.3</string>
				<key>MTL_ENABLE_DEBUG_INFO</key>
				<string>YES</string>
				<key>ONLY_ACTIVE_ARCH</key>
				<string>YES</string>
				<key>SDKROOT</key>
				<string>iphoneos</string>
			</dict>
			<key>isa</key>
			<string>XCBuildConfiguration</string>
			<key>name</key>
			<string>Debug</string>
		</dict>
		<key>57ED0F471AEDE1B800B0B4BC</key>
		<dict>
			<key>buildSettings</key>
			<dict>
				<key>ALWAYS_SEARCH_USER_PATHS</key>
				<string>NO</string>
				<key>CLANG_CXX_LANGUAGE_STANDARD</key>
				<string>gnu++0x</string>
				<key>CLANG_CXX_LIBRARY</key>
				<string>libc++</string>
				<key>CLANG_ENABLE_MODULES</key>
				<string>YES</string>
				<key>CLANG_ENABLE_OBJC_ARC</key>
				<string>YES</string>
				<key>CLANG_WARN_BOOL_CONVERSION</key>
				<string>YES</string>
				<key>CLANG_WARN_CONSTANT_CONVERSION</key>
				<string>YES</string>
				<key>CLANG_WARN_DIRECT_OBJC_ISA_USAGE</key>
				<string>YES_ERROR</string>
				<key>CLANG_WARN_EMPTY_BODY</key>
				<string>YES</string>
				<key>CLANG_WARN_ENUM_CONVERSION</key>
				<string>YES</string>
				<key>CLANG_WARN_INT_CONVERSION</key>
				<string>YES</string>
				<key>CLANG_WARN_OBJC_ROOT_CLASS</key>
				<string>YES_ERROR</string>
				<key>CLANG_WARN_UNREACHABLE_CODE</key>
				<string>YES</string>
				<key>CLANG_WARN__DUPLICATE_METHOD_MATCH</key>
				<string>YES</string>
				<key>CODE_SIGN_IDENTITY[sdk=iphoneos*]</key>
				<string>iPhone Developer</string>
				<key>COPY_PHASE_STRIP</key>
				<string>NO</string>
				<key>DEBUG_INFORMATION_FORMAT</key>
				<string>dwarf-with-dsym</string>
				<key>ENABLE_NS_ASSERTIONS</key>
				<string>NO</string>
				<key>ENABLE_STRICT_OBJC_MSGSEND</key>
				<string>YES</string>
				<key>GCC_C_LANGUAGE_STANDARD</key>
				<string>gnu99</string>
				<key>GCC_NO_COMMON_BLOCKS</key>
				<string>YES</string>
				<key>GCC_WARN_64_TO_32_BIT_CONVERSION</key>
				<string>YES</string>
				<key>GCC_WARN_ABOUT_RETURN_TYPE</key>
				<string>YES_ERROR</string>
				<key>GCC_WARN_UNDECLARED_SELECTOR</key>
				<string>YES</string>
				<key>GCC_WARN_UNINITIALIZED_AUTOS</key>
				<string>YES_AGGRESSIVE</string>
				<key>GCC_WARN_UNUSED_FUNCTION</key>
				<string>YES</string>
				<key>GCC_WARN_UNUSED_VARIABLE</key>
				<string>YES</string>
				<key>IPHONEOS_DEPLOYMENT_TARGET</key>
				<string>8.3</string>
				<key>MTL_ENABLE_DEBUG_INFO</key>
				<string>NO</string>
				<key>SDKROOT</key>
				<string>iphoneos</string>
				<key>VALIDATE_PRODUCT</key>
				<string>YES</string>
			</dict>
			<key>isa</key>
			<string>XCBuildConfiguration</string>
			<key>name</key>
			<string>Release</string>
		</dict>
		<key>57ED0F481AEDE1B800B0B4BC</key>
		<dict>
			<key>buildConfigurations</key>
			<array>
				<string>57ED0F491AEDE1B800B0B4BC</string>
				<string>57ED0F4A1AEDE1B800B0B4BC</string>
			</array>
			<key>defaultConfigurationIsVisible</key>
			<string>0</string>
			<key>isa</key>
			<string>XCConfigurationList</string>
		</dict>
		<key>57ED0F491AEDE1B800B0B4BC</key>
		<dict>
			<key>buildSettings</key>
			<dict>
				<key>ASSETCATALOG_COMPILER_APPICON_NAME</key>
				<string>AppIcon</string>
				<key>INFOPLIST_FILE</key>
				<string>MethodSwizzling/Supporting Files/Info.plist</string>
				<key>LD_RUNPATH_SEARCH_PATHS</key>
				<string>$(inherited) @executable_path/Frameworks</string>
				<key>PRODUCT_NAME</key>
				<string>$(TARGET_NAME)</string>
			</dict>
			<key>isa</key>
			<string>XCBuildConfiguration</string>
			<key>name</key>
			<string>Debug</string>
		</dict>
		<key>57ED0F4A1AEDE1B800B0B4BC</key>
		<dict>
			<key>buildSettings</key>
			<dict>
				<key>ASSETCATALOG_COMPILER_APPICON_NAME</key>
				<string>AppIcon</string>
				<key>INFOPLIST_FILE</key>
				<string>MethodSwizzling/Supporting Files/Info.plist</string>
				<key>LD_RUNPATH_SEARCH_PATHS</key>
				<string>$(inherited) @executable_path/Frameworks</string>
				<key>PRODUCT_NAME</key>
				<string>$(TARGET_NAME)</string>
			</dict>
			<key>isa</key>
			<string>XCBuildConfiguration</string>
			<key>name</key>
			<string>Release</string>
		</dict>
		<key>57ED0F4B1AEDE1B800B0B4BC</key>
		<dict>
			<key>buildConfigurations</key>
			<array>
				<string>57ED0F4C1AEDE1B800B0B4BC</string>
				<string>57ED0F4D1AEDE1B800B0B4BC</string>
			</array>
			<key>defaultConfigurationIsVisible</key>
			<string>0</string>
			<key>isa</key>
			<string>XCConfigurationList</string>
		</dict>
		<key>57ED0F4C1AEDE1B800B0B4BC</key>
		<dict>
			<key>buildSettings</key>
			<dict>
				<key>BUNDLE_LOADER</key>
				<string>$(TEST_HOST)</string>
				<key>FRAMEWORK_SEARCH_PATHS</key>
				<array>
					<string>$(SDKROOT)/Developer/Library/Frameworks</string>
					<string>$(inherited)</string>
				</array>
				<key>GCC_PREPROCESSOR_DEFINITIONS</key>
				<array>
					<string>DEBUG=1</string>
					<string>$(inherited)</string>
				</array>
				<key>INFOPLIST_FILE</key>
				<string>MethodSwizzlingTests/Supporting Files/Info.plist</string>
				<key>LD_RUNPATH_SEARCH_PATHS</key>
				<string>$(inherited) @executable_path/Frameworks @loader_path/Frameworks</string>
				<key>PRODUCT_NAME</key>
				<string>$(TARGET_NAME)</string>
				<key>TEST_HOST</key>
				<string>$(BUILT_PRODUCTS_DIR)/MethodSwizzling.app/MethodSwizzling</string>
			</dict>
			<key>isa</key>
			<string>XCBuildConfiguration</string>
			<key>name</key>
			<string>Debug</string>
		</dict>
		<key>57ED0F4D1AEDE1B800B0B4BC</key>
		<dict>
			<key>buildSettings</key>
			<dict>
				<key>BUNDLE_LOADER</key>
				<string>$(TEST_HOST)</string>
				<key>FRAMEWORK_SEARCH_PATHS</key>
				<array>
					<string>$(SDKROOT)/Developer/Library/Frameworks</string>
					<string>$(inherited)</string>
				</array>
				<key>INFOPLIST_FILE</key>
				<string>MethodSwizzlingTests/Supporting Files/Info.plist</string>
				<key>LD_RUNPATH_SEARCH_PATHS</key>
				<string>$(inherited) @executable_path/Frameworks @loader_path/Frameworks</string>
				<key>PRODUCT_NAME</key>
				<string>$(TARGET_NAME)</string>
				<key>TEST_HOST</key>
				<string>$(BUILT_PRODUCTS_DIR)/MethodSwizzling.app/MethodSwizzling</string>
			</dict>
			<key>isa</key>
			<string>XCBuildConfiguration</string>
			<key>name</key>
			<string>Release</string>
		</dict>
		<key>57ED0F4E1AEDE1E000B0B4BC</key>
		<dict>
			<key>fileEncoding</key>
			<string>4</string>
			<key>isa</key>
			<string>PBXFileReference</string>
			<key>lastKnownFileType</key>
			<string>sourcecode.c.h</string>
			<key>path</key>
			<string>Aspects.h</string>
			<key>sourceTree</key>
			<string>&lt;group&gt;</string>
		</dict>
		<key>57ED0F4F1AEDE1E000B0B4BC</key>
		<dict>
			<key>fileEncoding</key>
			<string>4</string>
			<key>isa</key>
			<string>PBXFileReference</string>
			<key>lastKnownFileType</key>
			<string>sourcecode.c.objc</string>
			<key>path</key>
			<string>Aspects.m</string>
			<key>sourceTree</key>
			<string>&lt;group&gt;</string>
		</dict>
		<key>57ED0F501AEDE1E000B0B4BC</key>
		<dict>
			<key>fileRef</key>
			<string>57ED0F4F1AEDE1E000B0B4BC</string>
			<key>isa</key>
			<string>PBXBuildFile</string>
		</dict>
		<key>57ED0F511AEDE23E00B0B4BC</key>
		<dict>
			<key>fileEncoding</key>
			<string>4</string>
			<key>isa</key>
			<string>PBXFileReference</string>
			<key>lastKnownFileType</key>
			<string>sourcecode.c.h</string>
			<key>path</key>
			<string>ViewControllerIntercept.h</string>
			<key>sourceTree</key>
			<string>&lt;group&gt;</string>
		</dict>
		<key>57ED0F521AEDE23E00B0B4BC</key>
		<dict>
			<key>fileEncoding</key>
			<string>4</string>
			<key>isa</key>
			<string>PBXFileReference</string>
			<key>lastKnownFileType</key>
			<string>sourcecode.c.objc</string>
			<key>path</key>
			<string>ViewControllerIntercept.m</string>
			<key>sourceTree</key>
			<string>&lt;group&gt;</string>
		</dict>
		<key>57ED0F531AEDE23E00B0B4BC</key>
		<dict>
			<key>fileRef</key>
			<string>57ED0F521AEDE23E00B0B4BC</string>
			<key>isa</key>
			<string>PBXBuildFile</string>
		</dict>
		<key>57ED0F541AEDE4F000B0B4BC</key>
		<dict>
			<key>fileEncoding</key>
			<string>4</string>
			<key>isa</key>
			<string>PBXFileReference</string>
			<key>lastKnownFileType</key>
			<string>sourcecode.c.h</string>
			<key>path</key>
			<string>SecondViewController.h</string>
			<key>sourceTree</key>
			<string>&lt;group&gt;</string>
		</dict>
		<key>57ED0F551AEDE4F000B0B4BC</key>
		<dict>
			<key>fileEncoding</key>
			<string>4</string>
			<key>isa</key>
			<string>PBXFileReference</string>
			<key>lastKnownFileType</key>
			<string>sourcecode.c.objc</string>
			<key>path</key>
			<string>SecondViewController.m</string>
			<key>sourceTree</key>
			<string>&lt;group&gt;</string>
		</dict>
		<key>57ED0F561AEDE4F000B0B4BC</key>
		<dict>
			<key>fileRef</key>
			<string>57ED0F551AEDE4F000B0B4BC</string>
			<key>isa</key>
			<string>PBXBuildFile</string>
		</dict>
		<key>57ED0F5D1AEE0AE200B0B4BC</key>
		<dict>
			<key>children</key>
			<array>
				<string>57ED0F5E1AEE0AE200B0B4BC</string>
				<string>57ED0F5F1AEE0AE200B0B4BC</string>
				<string>57ED0F601AEE0AE200B0B4BC</string>
				<string>57ED0F611AEE0AE200B0B4BC</string>
				<string>57ED0F621AEE0AE200B0B4BC</string>
				<string>57ED0F631AEE0AE200B0B4BC</string>
				<string>57ED0F641AEE0AE200B0B4BC</string>
				<string>57ED0F651AEE0AE200B0B4BC</string>
				<string>57ED0F661AEE0AE200B0B4BC</string>
				<string>57ED0F671AEE0AE200B0B4BC</string>
				<string>57ED0F681AEE0AE200B0B4BC</string>
				<string>57ED0F691AEE0AE200B0B4BC</string>
				<string>57ED0F6A1AEE0AE200B0B4BC</string>
				<string>57ED0F6B1AEE0AE200B0B4BC</string>
				<string>57ED0F6C1AEE0AE200B0B4BC</string>
				<string>57ED0F6D1AEE0AE200B0B4BC</string>
				<string>57ED0F6E1AEE0AE200B0B4BC</string>
				<string>57ED0F6F1AEE0AE200B0B4BC</string>
				<string>57ED0F701AEE0AE200B0B4BC</string>
				<string>57ED0F711AEE0AE200B0B4BC</string>
				<string>57ED0F721AEE0AE200B0B4BC</string>
				<string>57ED0F731AEE0AE200B0B4BC</string>
				<string>57ED0F741AEE0AE200B0B4BC</string>
				<string>57ED0F751AEE0AE200B0B4BC</string>
			</array>
			<key>isa</key>
			<string>PBXGroup</string>
			<key>path</key>
			<string>Masonry</string>
			<key>sourceTree</key>
			<string>&lt;group&gt;</string>
		</dict>
		<key>57ED0F5E1AEE0AE200B0B4BC</key>
		<dict>
			<key>fileEncoding</key>
			<string>4</string>
			<key>isa</key>
			<string>PBXFileReference</string>
			<key>lastKnownFileType</key>
			<string>text.plist.xml</string>
			<key>path</key>
			<string>Info.plist</string>
			<key>sourceTree</key>
			<string>&lt;group&gt;</string>
		</dict>
		<key>57ED0F5F1AEE0AE200B0B4BC</key>
		<dict>
			<key>fileEncoding</key>
			<string>4</string>
			<key>isa</key>
			<string>PBXFileReference</string>
			<key>lastKnownFileType</key>
			<string>sourcecode.c.h</string>
			<key>path</key>
			<string>MASCompositeConstraint.h</string>
			<key>sourceTree</key>
			<string>&lt;group&gt;</string>
		</dict>
		<key>57ED0F601AEE0AE200B0B4BC</key>
		<dict>
			<key>fileEncoding</key>
			<string>4</string>
			<key>isa</key>
			<string>PBXFileReference</string>
			<key>lastKnownFileType</key>
			<string>sourcecode.c.objc</string>
			<key>path</key>
			<string>MASCompositeConstraint.m</string>
			<key>sourceTree</key>
			<string>&lt;group&gt;</string>
		</dict>
		<key>57ED0F611AEE0AE200B0B4BC</key>
		<dict>
			<key>fileEncoding</key>
			<string>4</string>
			<key>isa</key>
			<string>PBXFileReference</string>
			<key>lastKnownFileType</key>
			<string>sourcecode.c.h</string>
			<key>path</key>
			<string>MASConstraint+Private.h</string>
			<key>sourceTree</key>
			<string>&lt;group&gt;</string>
		</dict>
		<key>57ED0F621AEE0AE200B0B4BC</key>
		<dict>
			<key>fileEncoding</key>
			<string>4</string>
			<key>isa</key>
			<string>PBXFileReference</string>
			<key>lastKnownFileType</key>
			<string>sourcecode.c.h</string>
			<key>path</key>
			<string>MASConstraint.h</string>
			<key>sourceTree</key>
			<string>&lt;group&gt;</string>
		</dict>
		<key>57ED0F631AEE0AE200B0B4BC</key>
		<dict>
			<key>fileEncoding</key>
			<string>4</string>
			<key>isa</key>
			<string>PBXFileReference</string>
			<key>lastKnownFileType</key>
			<string>sourcecode.c.objc</string>
			<key>path</key>
			<string>MASConstraint.m</string>
			<key>sourceTree</key>
			<string>&lt;group&gt;</string>
		</dict>
		<key>57ED0F641AEE0AE200B0B4BC</key>
		<dict>
			<key>fileEncoding</key>
			<string>4</string>
			<key>isa</key>
			<string>PBXFileReference</string>
			<key>lastKnownFileType</key>
			<string>sourcecode.c.h</string>
			<key>path</key>
			<string>MASConstraintMaker.h</string>
			<key>sourceTree</key>
			<string>&lt;group&gt;</string>
		</dict>
		<key>57ED0F651AEE0AE200B0B4BC</key>
		<dict>
			<key>fileEncoding</key>
			<string>4</string>
			<key>isa</key>
			<string>PBXFileReference</string>
			<key>lastKnownFileType</key>
			<string>sourcecode.c.objc</string>
			<key>path</key>
			<string>MASConstraintMaker.m</string>
			<key>sourceTree</key>
			<string>&lt;group&gt;</string>
		</dict>
		<key>57ED0F661AEE0AE200B0B4BC</key>
		<dict>
			<key>fileEncoding</key>
			<string>4</string>
			<key>isa</key>
			<string>PBXFileReference</string>
			<key>lastKnownFileType</key>
			<string>sourcecode.c.h</string>
			<key>path</key>
			<string>MASLayoutConstraint.h</string>
			<key>sourceTree</key>
			<string>&lt;group&gt;</string>
		</dict>
		<key>57ED0F671AEE0AE200B0B4BC</key>
		<dict>
			<key>fileEncoding</key>
			<string>4</string>
			<key>isa</key>
			<string>PBXFileReference</string>
			<key>lastKnownFileType</key>
			<string>sourcecode.c.objc</string>
			<key>path</key>
			<string>MASLayoutConstraint.m</string>
			<key>sourceTree</key>
			<string>&lt;group&gt;</string>
		</dict>
		<key>57ED0F681AEE0AE200B0B4BC</key>
		<dict>
			<key>fileEncoding</key>
			<string>4</string>
			<key>isa</key>
			<string>PBXFileReference</string>
			<key>lastKnownFileType</key>
			<string>sourcecode.c.h</string>
			<key>path</key>
			<string>Masonry.h</string>
			<key>sourceTree</key>
			<string>&lt;group&gt;</string>
		</dict>
		<key>57ED0F691AEE0AE200B0B4BC</key>
		<dict>
			<key>fileEncoding</key>
			<string>4</string>
			<key>isa</key>
			<string>PBXFileReference</string>
			<key>lastKnownFileType</key>
			<string>sourcecode.c.h</string>
			<key>path</key>
			<string>MASUtilities.h</string>
			<key>sourceTree</key>
			<string>&lt;group&gt;</string>
		</dict>
		<key>57ED0F6A1AEE0AE200B0B4BC</key>
		<dict>
			<key>fileEncoding</key>
			<string>4</string>
			<key>isa</key>
			<string>PBXFileReference</string>
			<key>lastKnownFileType</key>
			<string>sourcecode.c.h</string>
			<key>path</key>
			<string>MASViewAttribute.h</string>
			<key>sourceTree</key>
			<string>&lt;group&gt;</string>
		</dict>
		<key>57ED0F6B1AEE0AE200B0B4BC</key>
		<dict>
			<key>fileEncoding</key>
			<string>4</string>
			<key>isa</key>
			<string>PBXFileReference</string>
			<key>lastKnownFileType</key>
			<string>sourcecode.c.objc</string>
			<key>path</key>
			<string>MASViewAttribute.m</string>
			<key>sourceTree</key>
			<string>&lt;group&gt;</string>
		</dict>
		<key>57ED0F6C1AEE0AE200B0B4BC</key>
		<dict>
			<key>fileEncoding</key>
			<string>4</string>
			<key>isa</key>
			<string>PBXFileReference</string>
			<key>lastKnownFileType</key>
			<string>sourcecode.c.h</string>
			<key>path</key>
			<string>MASViewConstraint.h</string>
			<key>sourceTree</key>
			<string>&lt;group&gt;</string>
		</dict>
		<key>57ED0F6D1AEE0AE200B0B4BC</key>
		<dict>
			<key>fileEncoding</key>
			<string>4</string>
			<key>isa</key>
			<string>PBXFileReference</string>
			<key>lastKnownFileType</key>
			<string>sourcecode.c.objc</string>
			<key>path</key>
			<string>MASViewConstraint.m</string>
			<key>sourceTree</key>
			<string>&lt;group&gt;</string>
		</dict>
		<key>57ED0F6E1AEE0AE200B0B4BC</key>
		<dict>
			<key>fileEncoding</key>
			<string>4</string>
			<key>isa</key>
			<string>PBXFileReference</string>
			<key>lastKnownFileType</key>
			<string>sourcecode.c.h</string>
			<key>path</key>
			<string>NSArray+MASAdditions.h</string>
			<key>sourceTree</key>
			<string>&lt;group&gt;</string>
		</dict>
		<key>57ED0F6F1AEE0AE200B0B4BC</key>
		<dict>
			<key>fileEncoding</key>
			<string>4</string>
			<key>isa</key>
			<string>PBXFileReference</string>
			<key>lastKnownFileType</key>
			<string>sourcecode.c.objc</string>
			<key>path</key>
			<string>NSArray+MASAdditions.m</string>
			<key>sourceTree</key>
			<string>&lt;group&gt;</string>
		</dict>
		<key>57ED0F701AEE0AE200B0B4BC</key>
		<dict>
			<key>fileEncoding</key>
			<string>4</string>
			<key>isa</key>
			<string>PBXFileReference</string>
			<key>lastKnownFileType</key>
			<string>sourcecode.c.h</string>
			<key>path</key>
			<string>NSArray+MASShorthandAdditions.h</string>
			<key>sourceTree</key>
			<string>&lt;group&gt;</string>
		</dict>
		<key>57ED0F711AEE0AE200B0B4BC</key>
		<dict>
			<key>fileEncoding</key>
			<string>4</string>
			<key>isa</key>
			<string>PBXFileReference</string>
			<key>lastKnownFileType</key>
			<string>sourcecode.c.h</string>
			<key>path</key>
			<string>NSLayoutConstraint+MASDebugAdditions.h</string>
			<key>sourceTree</key>
			<string>&lt;group&gt;</string>
		</dict>
		<key>57ED0F721AEE0AE200B0B4BC</key>
		<dict>
			<key>fileEncoding</key>
			<string>4</string>
			<key>isa</key>
			<string>PBXFileReference</string>
			<key>lastKnownFileType</key>
			<string>sourcecode.c.objc</string>
			<key>path</key>
			<string>NSLayoutConstraint+MASDebugAdditions.m</string>
			<key>sourceTree</key>
			<string>&lt;group&gt;</string>
		</dict>
		<key>57ED0F731AEE0AE200B0B4BC</key>
		<dict>
			<key>fileEncoding</key>
			<string>4</string>
			<key>isa</key>
			<string>PBXFileReference</string>
			<key>lastKnownFileType</key>
			<string>sourcecode.c.h</string>
			<key>path</key>
			<string>View+MASAdditions.h</string>
			<key>sourceTree</key>
			<string>&lt;group&gt;</string>
		</dict>
		<key>57ED0F741AEE0AE200B0B4BC</key>
		<dict>
			<key>fileEncoding</key>
			<string>4</string>
			<key>isa</key>
			<string>PBXFileReference</string>
			<key>lastKnownFileType</key>
			<string>sourcecode.c.objc</string>
			<key>path</key>
			<string>View+MASAdditions.m</string>
			<key>sourceTree</key>
			<string>&lt;group&gt;</string>
		</dict>
		<key>57ED0F751AEE0AE200B0B4BC</key>
		<dict>
			<key>fileEncoding</key>
			<string>4</string>
			<key>isa</key>
			<string>PBXFileReference</string>
			<key>lastKnownFileType</key>
			<string>sourcecode.c.h</string>
			<key>path</key>
			<string>View+MASShorthandAdditions.h</string>
			<key>sourceTree</key>
			<string>&lt;group&gt;</string>
		</dict>
		<key>57ED0F761AEE0AE200B0B4BC</key>
		<dict>
			<key>fileRef</key>
			<string>57ED0F5E1AEE0AE200B0B4BC</string>
			<key>isa</key>
			<string>PBXBuildFile</string>
		</dict>
		<key>57ED0F771AEE0AE200B0B4BC</key>
		<dict>
			<key>fileRef</key>
			<string>57ED0F601AEE0AE200B0B4BC</string>
			<key>isa</key>
			<string>PBXBuildFile</string>
		</dict>
		<key>57ED0F781AEE0AE200B0B4BC</key>
		<dict>
			<key>fileRef</key>
			<string>57ED0F631AEE0AE200B0B4BC</string>
			<key>isa</key>
			<string>PBXBuildFile</string>
		</dict>
		<key>57ED0F791AEE0AE200B0B4BC</key>
		<dict>
			<key>fileRef</key>
			<string>57ED0F651AEE0AE200B0B4BC</string>
			<key>isa</key>
			<string>PBXBuildFile</string>
		</dict>
		<key>57ED0F7A1AEE0AE200B0B4BC</key>
		<dict>
			<key>fileRef</key>
			<string>57ED0F671AEE0AE200B0B4BC</string>
			<key>isa</key>
			<string>PBXBuildFile</string>
		</dict>
		<key>57ED0F7B1AEE0AE200B0B4BC</key>
		<dict>
			<key>fileRef</key>
			<string>57ED0F6B1AEE0AE200B0B4BC</string>
			<key>isa</key>
			<string>PBXBuildFile</string>
		</dict>
		<key>57ED0F7C1AEE0AE200B0B4BC</key>
		<dict>
			<key>fileRef</key>
			<string>57ED0F6D1AEE0AE200B0B4BC</string>
			<key>isa</key>
			<string>PBXBuildFile</string>
		</dict>
		<key>57ED0F7D1AEE0AE200B0B4BC</key>
		<dict>
			<key>fileRef</key>
			<string>57ED0F6F1AEE0AE200B0B4BC</string>
			<key>isa</key>
			<string>PBXBuildFile</string>
		</dict>
		<key>57ED0F7E1AEE0AE200B0B4BC</key>
		<dict>
			<key>fileRef</key>
			<string>57ED0F721AEE0AE200B0B4BC</string>
			<key>isa</key>
			<string>PBXBuildFile</string>
		</dict>
		<key>57ED0F7F1AEE0AE200B0B4BC</key>
		<dict>
			<key>fileRef</key>
			<string>57ED0F741AEE0AE200B0B4BC</string>
			<key>isa</key>
			<string>PBXBuildFile</string>
		</dict>
	</dict>
	<key>rootObject</key>
	<string>57ED0F1D1AEDE1B800B0B4BC</string>
</dict>
</plist>
